
Microsoft Visual Studio Solution File, Format Version 12.00
# Visual Studio Version 16
VisualStudioVersion = 16.0.30907.101
MinimumVisualStudioVersion = 10.0.40219.1
Project("{FAE04EC0-301F-11D3-BF4B-00C04F79EFBC}") = "TokenAuth", "TokenAuth\TokenAuth.csproj", "{A0D01907-02F4-404B-B20F-68BA374459DF}"
EndProject
Project("{FAE04EC0-301F-11D3-BF4B-00C04F79EFBC}") = "NUnitTestTokenAuthProject", "NUnitTestTokenAuthProject\NUnitTestTokenAuthProject.csproj", "{1E7DBAC7-0CE6-4F86-AA80-FC670AE61058}"
EndProject
Global
	GlobalSection(SolutionConfigurationPlatforms) = preSolution
		Debug|Any CPU = Debug|Any CPU
		Release|Any CPU = Release|Any CPU
	EndGlobalSection
	GlobalSection(ProjectConfigurationPlatforms) = postSolution
		{A0D01907-02F4-404B-B20F-68BA374459DF}.Debug|Any CPU.ActiveCfg = Debug|Any CPU
		{A0D01907-02F4-404B-B20F-68BA374459DF}.Debug|Any CPU.Build.0 = Debug|Any CPU
		{A0D01907-02F4-404B-B20F-68BA374459DF}.Release|Any CPU.ActiveCfg = Release|Any CPU
		{A0D01907-02F4-404B-B20F-68BA374459DF}.Release|Any CPU.Build.0 = Release|Any CPU
		{1E7DBAC7-0CE6-4F86-AA80-FC670AE61058}.Debug|Any CPU.ActiveCfg = Debug|Any CPU
		{1E7DBAC7-0CE6-4F86-AA80-FC670AE61058}.Debug|Any CPU.Build.0 = Debug|Any CPU
		{1E7DBAC7-0CE6-4F86-AA80-FC670AE61058}.Release|Any CPU.ActiveCfg = Release|Any CPU
		{1E7DBAC7-0CE6-4F86-AA80-FC670AE61058}.Release|Any CPU.Build.0 = Release|Any CPU
	EndGlobalSection
	GlobalSection(SolutionProperties) = preSolution
		HideSolutionNode = FALSE
	EndGlobalSection
	GlobalSection(ExtensibilityGlobals) = postSolution
		SolutionGuid = {BC087B52-6954-4B73-B537-D7A646002443}
	EndGlobalSection
EndGlobal
